// !$*UTF8*$!
{
	archiveVersion = 1;
	classes = {
	};
	objectVersion = 77;
	objects = {

/* Begin PBXBuildFile section */
		1511C4462DF4422E00E068B7 /* WidgetKit.framework in Frameworks */ = {isa = PBXBuildFile; fileRef = 1511C4452DF4422E00E068B7 /* WidgetKit.framework */; };
		1511C4482DF4422E00E068B7 /* SwiftUI.framework in Frameworks */ = {isa = PBXBuildFile; fileRef = 1511C4472DF4422E00E068B7 /* SwiftUI.framework */; };
		1511C4572DF4422F00E068B7 /* VibeWidgetExtension.appex in Embed Foundation Extensions */ = {isa = PBXBuildFile; fileRef = 1511C4432DF4422E00E068B7 /* VibeWidgetExtension.appex */; settings = {ATTRIBUTES = (RemoveHeadersOnCopy, ); }; };
/* End PBXBuildFile section */

/* Begin PBXContainerItemProxy section */
		1511C3512DF3BFD900E068B7 /* PBXContainerItemProxy */ = {
			isa = PBXContainerItemProxy;
			containerPortal = 1511C3382DF3BFD800E068B7 /* Project object */;
			proxyType = 1;
			remoteGlobalIDString = 1511C33F2DF3BFD800E068B7;
			remoteInfo = TappSampleProject;
		};
		1511C4552DF4422F00E068B7 /* PBXContainerItemProxy */ = {
			isa = PBXContainerItemProxy;
			containerPortal = 1511C3382DF3BFD800E068B7 /* Project object */;
			proxyType = 1;
			remoteGlobalIDString = 1511C4422DF4422E00E068B7;
			remoteInfo = VibeWidgetExtension;
		};
/* End PBXContainerItemProxy section */

/* Begin PBXCopyFilesBuildPhase section */
		1511C4582DF4422F00E068B7 /* Embed Foundation Extensions */ = {
			isa = PBXCopyFilesBuildPhase;
			buildActionMask = 2147483647;
			dstPath = "";
			dstSubfolderSpec = 13;
			files = (
				1511C4572DF4422F00E068B7 /* VibeWidgetExtension.appex in Embed Foundation Extensions */,
			);
			name = "Embed Foundation Extensions";
			runOnlyForDeploymentPostprocessing = 0;
		};
/* End PBXCopyFilesBuildPhase section */

/* Begin PBXFileReference section */
		1511C3402DF3BFD800E068B7 /* TappSampleProject.app */ = {isa = PBXFileReference; explicitFileType = wrapper.application; includeInIndex = 0; path = TappSampleProject.app; sourceTree = BUILT_PRODUCTS_DIR; };
		1511C3502DF3BFD900E068B7 /* TappSampleProjectTests.xctest */ = {isa = PBXFileReference; explicitFileType = wrapper.cfbundle; includeInIndex = 0; path = TappSampleProjectTests.xctest; sourceTree = BUILT_PRODUCTS_DIR; };
		1511C4432DF4422E00E068B7 /* VibeWidgetExtension.appex */ = {isa = PBXFileReference; explicitFileType = "wrapper.app-extension"; includeInIndex = 0; path = VibeWidgetExtension.appex; sourceTree = BUILT_PRODUCTS_DIR; };
		1511C4452DF4422E00E068B7 /* WidgetKit.framework */ = {isa = PBXFileReference; lastKnownFileType = wrapper.framework; name = WidgetKit.framework; path = System/Library/Frameworks/WidgetKit.framework; sourceTree = SDKROOT; };
		1511C4472DF4422E00E068B7 /* SwiftUI.framework */ = {isa = PBXFileReference; lastKnownFileType = wrapper.framework; name = SwiftUI.framework; path = System/Library/Frameworks/SwiftUI.framework; sourceTree = SDKROOT; };
/* End PBXFileReference section */

/* Begin PBXFileSystemSynchronizedBuildFileExceptionSet section */
		1511C45B2DF4422F00E068B7 /* Exceptions for "VibeWidget" folder in "VibeWidgetExtension" target */ = {
			isa = PBXFileSystemSynchronizedBuildFileExceptionSet;
			membershipExceptions = (
				Info.plist,
			);
			target = 1511C4422DF4422E00E068B7 /* VibeWidgetExtension */;
		};
		1511C45E2DF442E500E068B7 /* Exceptions for "TappSampleProject" folder in "VibeWidgetExtension" target */ = {
			isa = PBXFileSystemSynchronizedBuildFileExceptionSet;
			membershipExceptions = (
				Helpers/DateHelpers.swift,
				Helpers/FireworksView.swift,
				Model/Vibe.swift,
				ViewModel/DataProvider/VibeDataProvider.swift,
				ViewModel/VibeViewModel.swift,
			);
			target = 1511C4422DF4422E00E068B7 /* VibeWidgetExtension */;
		};
		15D4D4AF2DF4B81B00B8D674 /* Exceptions for "TappSampleProject" folder in "TappSampleProject" target */ = {
			isa = PBXFileSystemSynchronizedBuildFileExceptionSet;
			membershipExceptions = (
				Info.plist,
			);
			target = 1511C33F2DF3BFD800E068B7 /* TappSampleProject */;
		};
/* End PBXFileSystemSynchronizedBuildFileExceptionSet section */

/* Begin PBXFileSystemSynchronizedRootGroup section */
		1511C3422DF3BFD800E068B7 /* TappSampleProject */ = {
			isa = PBXFileSystemSynchronizedRootGroup;
			exceptions = (
				15D4D4AF2DF4B81B00B8D674 /* Exceptions for "TappSampleProject" folder in "TappSampleProject" target */,
				1511C45E2DF442E500E068B7 /* Exceptions for "TappSampleProject" folder in "VibeWidgetExtension" target */,
			);
			path = TappSampleProject;
			sourceTree = "<group>";
		};
		1511C3532DF3BFD900E068B7 /* TappSampleProjectTests */ = {
			isa = PBXFileSystemSynchronizedRootGroup;
			path = TappSampleProjectTests;
			sourceTree = "<group>";
		};
		1511C4492DF4422E00E068B7 /* VibeWidget */ = {
			isa = PBXFileSystemSynchronizedRootGroup;
			exceptions = (
				1511C45B2DF4422F00E068B7 /* Exceptions for "VibeWidget" folder in "VibeWidgetExtension" target */,
			);
			path = VibeWidget;
			sourceTree = "<group>";
		};
/* End PBXFileSystemSynchronizedRootGroup section */

/* Begin PBXFrameworksBuildPhase section */
		1511C33D2DF3BFD800E068B7 /* Frameworks */ = {
			isa = PBXFrameworksBuildPhase;
			buildActionMask = 2147483647;
			files = (
			);
			runOnlyForDeploymentPostprocessing = 0;
		};
		1511C34D2DF3BFD900E068B7 /* Frameworks */ = {
			isa = PBXFrameworksBuildPhase;
			buildActionMask = 2147483647;
			files = (
			);
			runOnlyForDeploymentPostprocessing = 0;
		};
		1511C4402DF4422E00E068B7 /* Frameworks */ = {
			isa = PBXFrameworksBuildPhase;
			buildActionMask = 2147483647;
			files = (
				1511C4482DF4422E00E068B7 /* SwiftUI.framework in Frameworks */,
				1511C4462DF4422E00E068B7 /* WidgetKit.framework in Frameworks */,
			);
			runOnlyForDeploymentPostprocessing = 0;
		};
/* End PBXFrameworksBuildPhase section */

/* Begin PBXGroup section */
		1511C3372DF3BFD800E068B7 = {
			isa = PBXGroup;
			children = (
				1511C3422DF3BFD800E068B7 /* TappSampleProject */,
				1511C3532DF3BFD900E068B7 /* TappSampleProjectTests */,
				1511C4492DF4422E00E068B7 /* VibeWidget */,
				1511C4442DF4422E00E068B7 /* Frameworks */,
				1511C3412DF3BFD800E068B7 /* Products */,
			);
			sourceTree = "<group>";
		};
		1511C3412DF3BFD800E068B7 /* Products */ = {
			isa = PBXGroup;
			children = (
				1511C3402DF3BFD800E068B7 /* TappSampleProject.app */,
				1511C3502DF3BFD900E068B7 /* TappSampleProjectTests.xctest */,
				1511C4432DF4422E00E068B7 /* VibeWidgetExtension.appex */,
			);
			name = Products;
			sourceTree = "<group>";
		};
		1511C4442DF4422E00E068B7 /* Frameworks */ = {
			isa = PBXGroup;
			children = (
				1511C4452DF4422E00E068B7 /* WidgetKit.framework */,
				1511C4472DF4422E00E068B7 /* SwiftUI.framework */,
			);
			name = Frameworks;
			sourceTree = "<group>";
		};
/* End PBXGroup section */

/* Begin PBXNativeTarget section */
		1511C33F2DF3BFD800E068B7 /* TappSampleProject */ = {
			isa = PBXNativeTarget;
			buildConfigurationList = 1511C3642DF3BFD900E068B7 /* Build configuration list for PBXNativeTarget "TappSampleProject" */;
			buildPhases = (
				1511C33C2DF3BFD800E068B7 /* Sources */,
				1511C33D2DF3BFD800E068B7 /* Frameworks */,
				1511C33E2DF3BFD800E068B7 /* Resources */,
				1511C4582DF4422F00E068B7 /* Embed Foundation Extensions */,
			);
			buildRules = (
			);
			dependencies = (
				1511C4562DF4422F00E068B7 /* PBXTargetDependency */,
			);
			fileSystemSynchronizedGroups = (
				1511C3422DF3BFD800E068B7 /* TappSampleProject */,
			);
			name = TappSampleProject;
			packageProductDependencies = (
			);
			productName = TappSampleProject;
			productReference = 1511C3402DF3BFD800E068B7 /* TappSampleProject.app */;
			productType = "com.apple.product-type.application";
		};
		1511C34F2DF3BFD900E068B7 /* TappSampleProjectTests */ = {
			isa = PBXNativeTarget;
			buildConfigurationList = 1511C3672DF3BFD900E068B7 /* Build configuration list for PBXNativeTarget "TappSampleProjectTests" */;
			buildPhases = (
				1511C34C2DF3BFD900E068B7 /* Sources */,
				1511C34D2DF3BFD900E068B7 /* Frameworks */,
				1511C34E2DF3BFD900E068B7 /* Resources */,
			);
			buildRules = (
			);
			dependencies = (
				1511C3522DF3BFD900E068B7 /* PBXTargetDependency */,
			);
			fileSystemSynchronizedGroups = (
				1511C3532DF3BFD900E068B7 /* TappSampleProjectTests */,
			);
			name = TappSampleProjectTests;
			packageProductDependencies = (
			);
			productName = TappSampleProjectTests;
			productReference = 1511C3502DF3BFD900E068B7 /* TappSampleProjectTests.xctest */;
			productType = "com.apple.product-type.bundle.unit-test";
		};
		1511C4422DF4422E00E068B7 /* VibeWidgetExtension */ = {
			isa = PBXNativeTarget;
			buildConfigurationList = 1511C45C2DF4422F00E068B7 /* Build configuration list for PBXNativeTarget "VibeWidgetExtension" */;
			buildPhases = (
				1511C43F2DF4422E00E068B7 /* Sources */,
				1511C4402DF4422E00E068B7 /* Frameworks */,
				1511C4412DF4422E00E068B7 /* Resources */,
			);
			buildRules = (
			);
			dependencies = (
			);
			fileSystemSynchronizedGroups = (
				1511C4492DF4422E00E068B7 /* VibeWidget */,
			);
			name = VibeWidgetExtension;
			packageProductDependencies = (
			);
			productName = VibeWidgetExtension;
			productReference = 1511C4432DF4422E00E068B7 /* VibeWidgetExtension.appex */;
			productType = "com.apple.product-type.app-extension";
		};
/* End PBXNativeTarget section */

/* Begin PBXProject section */
		1511C3382DF3BFD800E068B7 /* Project object */ = {
			isa = PBXProject;
			attributes = {
				BuildIndependentTargetsInParallel = 1;
				LastSwiftUpdateCheck = 1620;
				LastUpgradeCheck = 1620;
				TargetAttributes = {
					1511C33F2DF3BFD800E068B7 = {
						CreatedOnToolsVersion = 16.2;
					};
					1511C34F2DF3BFD900E068B7 = {
						CreatedOnToolsVersion = 16.2;
						LastSwiftMigration = 1620;
						TestTargetID = 1511C33F2DF3BFD800E068B7;
					};
					1511C4422DF4422E00E068B7 = {
						CreatedOnToolsVersion = 16.2;
					};
				};
			};
			buildConfigurationList = 1511C33B2DF3BFD800E068B7 /* Build configuration list for PBXProject "TappSampleProject" */;
			developmentRegion = en;
			hasScannedForEncodings = 0;
			knownRegions = (
				en,
				Base,
			);
			mainGroup = 1511C3372DF3BFD800E068B7;
			minimizedProjectReferenceProxies = 1;
			preferredProjectObjectVersion = 77;
			productRefGroup = 1511C3412DF3BFD800E068B7 /* Products */;
			projectDirPath = "";
			projectRoot = "";
			targets = (
				1511C33F2DF3BFD800E068B7 /* TappSampleProject */,
				1511C34F2DF3BFD900E068B7 /* TappSampleProjectTests */,
				1511C4422DF4422E00E068B7 /* VibeWidgetExtension */,
			);
		};
/* End PBXProject section */

/* Begin PBXResourcesBuildPhase section */
		1511C33E2DF3BFD800E068B7 /* Resources */ = {
			isa = PBXResourcesBuildPhase;
			buildActionMask = 2147483647;
			files = (
			);
			runOnlyForDeploymentPostprocessing = 0;
		};
		1511C34E2DF3BFD900E068B7 /* Resources */ = {
			isa = PBXResourcesBuildPhase;
			buildActionMask = 2147483647;
			files = (
			);
			runOnlyForDeploymentPostprocessing = 0;
		};
		1511C4412DF4422E00E068B7 /* Resources */ = {
			isa = PBXResourcesBuildPhase;
			buildActionMask = 2147483647;
			files = (
			);
			runOnlyForDeploymentPostprocessing = 0;
		};
/* End PBXResourcesBuildPhase section */

/* Begin PBXSourcesBuildPhase section */
		1511C33C2DF3BFD800E068B7 /* Sources */ = {
			isa = PBXSourcesBuildPhase;
			buildActionMask = 2147483647;
			files = (
			);
			runOnlyForDeploymentPostprocessing = 0;
		};
		1511C34C2DF3BFD900E068B7 /* Sources */ = {
			isa = PBXSourcesBuildPhase;
			buildActionMask = 2147483647;
			files = (
			);
			runOnlyForDeploymentPostprocessing = 0;
		};
		1511C43F2DF4422E00E068B7 /* Sources */ = {
			isa = PBXSourcesBuildPhase;
			buildActionMask = 2147483647;
			files = (
			);
			runOnlyForDeploymentPostprocessing = 0;
		};
/* End PBXSourcesBuildPhase section */

/* Begin PBXTargetDependency section */
		1511C3522DF3BFD900E068B7 /* PBXTargetDependency */ = {
			isa = PBXTargetDependency;
			target = 1511C33F2DF3BFD800E068B7 /* TappSampleProject */;
			targetProxy = 1511C3512DF3BFD900E068B7 /* PBXContainerItemProxy */;
		};
		1511C4562DF4422F00E068B7 /* PBXTargetDependency */ = {
			isa = PBXTargetDependency;
			target = 1511C4422DF4422E00E068B7 /* VibeWidgetExtension */;
			targetProxy = 1511C4552DF4422F00E068B7 /* PBXContainerItemProxy */;
		};
/* End PBXTargetDependency section */

/* Begin XCBuildConfiguration section */
		1511C3622DF3BFD900E068B7 /* Debug */ = {
			isa = XCBuildConfiguration;
			buildSettings = {
				ALWAYS_SEARCH_USER_PATHS = NO;
				ASSETCATALOG_COMPILER_GENERATE_SWIFT_ASSET_SYMBOL_EXTENSIONS = YES;
				CLANG_ANALYZER_NONNULL = YES;
				CLANG_ANALYZER_NUMBER_OBJECT_CONVERSION = YES_AGGRESSIVE;
				CLANG_CXX_LANGUAGE_STANDARD = "gnu++20";
				CLANG_ENABLE_MODULES = YES;
				CLANG_ENABLE_OBJC_ARC = YES;
				CLANG_ENABLE_OBJC_WEAK = YES;
				CLANG_WARN_BLOCK_CAPTURE_AUTORELEASING = YES;
				CLANG_WARN_BOOL_CONVERSION = YES;
				CLANG_WARN_COMMA = YES;
				CLANG_WARN_CONSTANT_CONVERSION = YES;
				CLANG_WARN_DEPRECATED_OBJC_IMPLEMENTATIONS = YES;
				CLANG_WARN_DIRECT_OBJC_ISA_USAGE = YES_ERROR;
				CLANG_WARN_DOCUMENTATION_COMMENTS = YES;
				CLANG_WARN_EMPTY_BODY = YES;
				CLANG_WARN_ENUM_CONVERSION = YES;
				CLANG_WARN_INFINITE_RECURSION = YES;
				CLANG_WARN_INT_CONVERSION = YES;
				CLANG_WARN_NON_LITERAL_NULL_CONVERSION = YES;
				CLANG_WARN_OBJC_IMPLICIT_RETAIN_SELF = YES;
				CLANG_WARN_OBJC_LITERAL_CONVERSION = YES;
				CLANG_WARN_OBJC_ROOT_CLASS = YES_ERROR;
				CLANG_WARN_QUOTED_INCLUDE_IN_FRAMEWORK_HEADER = YES;
				CLANG_WARN_RANGE_LOOP_ANALYSIS = YES;
				CLANG_WARN_STRICT_PROTOTYPES = YES;
				CLANG_WARN_SUSPICIOUS_MOVE = YES;
				CLANG_WARN_UNGUARDED_AVAILABILITY = YES_AGGRESSIVE;
				CLANG_WARN_UNREACHABLE_CODE = YES;
				CLANG_WARN__DUPLICATE_METHOD_MATCH = YES;
				COPY_PHASE_STRIP = NO;
				DEBUG_INFORMATION_FORMAT = dwarf;
				ENABLE_STRICT_OBJC_MSGSEND = YES;
				ENABLE_TESTABILITY = YES;
				ENABLE_USER_SCRIPT_SANDBOXING = YES;
				GCC_C_LANGUAGE_STANDARD = gnu17;
				GCC_DYNAMIC_NO_PIC = NO;
				GCC_NO_COMMON_BLOCKS = YES;
				GCC_OPTIMIZATION_LEVEL = 0;
				GCC_PREPROCESSOR_DEFINITIONS = (
					"DEBUG=1",
					"$(inherited)",
				);
				GCC_WARN_64_TO_32_BIT_CONVERSION = YES;
				GCC_WARN_ABOUT_RETURN_TYPE = YES_ERROR;
				GCC_WARN_UNDECLARED_SELECTOR = YES;
				GCC_WARN_UNINITIALIZED_AUTOS = YES_AGGRESSIVE;
				GCC_WARN_UNUSED_FUNCTION = YES;
				GCC_WARN_UNUSED_VARIABLE = YES;
				IPHONEOS_DEPLOYMENT_TARGET = 18.2;
				LOCALIZATION_PREFERS_STRING_CATALOGS = YES;
				MTL_ENABLE_DEBUG_INFO = INCLUDE_SOURCE;
				MTL_FAST_MATH = YES;
				ONLY_ACTIVE_ARCH = YES;
				SDKROOT = iphoneos;
				SWIFT_ACTIVE_COMPILATION_CONDITIONS = "DEBUG $(inherited)";
				SWIFT_OPTIMIZATION_LEVEL = "-Onone";
			};
			name = Debug;
		};
		1511C3632DF3BFD900E068B7 /* Release */ = {
			isa = XCBuildConfiguration;
			buildSettings = {
				ALWAYS_SEARCH_USER_PATHS = NO;
				ASSETCATALOG_COMPILER_GENERATE_SWIFT_ASSET_SYMBOL_EXTENSIONS = YES;
				CLANG_ANALYZER_NONNULL = YES;
				CLANG_ANALYZER_NUMBER_OBJECT_CONVERSION = YES_AGGRESSIVE;
				CLANG_CXX_LANGUAGE_STANDARD = "gnu++20";
				CLANG_ENABLE_MODULES = YES;
				CLANG_ENABLE_OBJC_ARC = YES;
				CLANG_ENABLE_OBJC_WEAK = YES;
				CLANG_WARN_BLOCK_CAPTURE_AUTORELEASING = YES;
				CLANG_WARN_BOOL_CONVERSION = YES;
				CLANG_WARN_COMMA = YES;
				CLANG_WARN_CONSTANT_CONVERSION = YES;
				CLANG_WARN_DEPRECATED_OBJC_IMPLEMENTATIONS = YES;
				CLANG_WARN_DIRECT_OBJC_ISA_USAGE = YES_ERROR;
				CLANG_WARN_DOCUMENTATION_COMMENTS = YES;
				CLANG_WARN_EMPTY_BODY = YES;
				CLANG_WARN_ENUM_CONVERSION = YES;
				CLANG_WARN_INFINITE_RECURSION = YES;
				CLANG_WARN_INT_CONVERSION = YES;
				CLANG_WARN_NON_LITERAL_NULL_CONVERSION = YES;
				CLANG_WARN_OBJC_IMPLICIT_RETAIN_SELF = YES;
				CLANG_WARN_OBJC_LITERAL_CONVERSION = YES;
				CLANG_WARN_OBJC_ROOT_CLASS = YES_ERROR;
				CLANG_WARN_QUOTED_INCLUDE_IN_FRAMEWORK_HEADER = YES;
				CLANG_WARN_RANGE_LOOP_ANALYSIS = YES;
				CLANG_WARN_STRICT_PROTOTYPES = YES;
				CLANG_WARN_SUSPICIOUS_MOVE = YES;
				CLANG_WARN_UNGUARDED_AVAILABILITY = YES_AGGRESSIVE;
				CLANG_WARN_UNREACHABLE_CODE = YES;
				CLANG_WARN__DUPLICATE_METHOD_MATCH = YES;
				COPY_PHASE_STRIP = NO;
				DEBUG_INFORMATION_FORMAT = "dwarf-with-dsym";
				ENABLE_NS_ASSERTIONS = NO;
				ENABLE_STRICT_OBJC_MSGSEND = YES;
				ENABLE_USER_SCRIPT_SANDBOXING = YES;
				GCC_C_LANGUAGE_STANDARD = gnu17;
				GCC_NO_COMMON_BLOCKS = YES;
				GCC_WARN_64_TO_32_BIT_CONVERSION = YES;
				GCC_WARN_ABOUT_RETURN_TYPE = YES_ERROR;
				GCC_WARN_UNDECLARED_SELECTOR = YES;
				GCC_WARN_UNINITIALIZED_AUTOS = YES_AGGRESSIVE;
				GCC_WARN_UNUSED_FUNCTION = YES;
				GCC_WARN_UNUSED_VARIABLE = YES;
				IPHONEOS_DEPLOYMENT_TARGET = 18.2;
				LOCALIZATION_PREFERS_STRING_CATALOGS = YES;
				MTL_ENABLE_DEBUG_INFO = NO;
				MTL_FAST_MATH = YES;
				SDKROOT = iphoneos;
				SWIFT_COMPILATION_MODE = wholemodule;
				VALIDATE_PRODUCT = YES;
			};
			name = Release;
		};
		1511C3652DF3BFD900E068B7 /* Debug */ = {
			isa = XCBuildConfiguration;
			buildSettings = {
				ASSETCATALOG_COMPILER_APPICON_NAME = AppIcon;
				ASSETCATALOG_COMPILER_GLOBAL_ACCENT_COLOR_NAME = AccentColor;
				CODE_SIGN_ENTITLEMENTS = TappSampleProject/TappSampleProject.entitlements;
				CODE_SIGN_STYLE = Automatic;
				CURRENT_PROJECT_VERSION = 1;
				DEVELOPMENT_ASSET_PATHS = "\"TappSampleProject/Preview Content\"";
				DEVELOPMENT_TEAM = 9VDWZ8797J;
				ENABLE_PREVIEWS = YES;
				GENERATE_INFOPLIST_FILE = YES;
				INFOPLIST_FILE = TappSampleProject/Info.plist;
				INFOPLIST_KEY_UIApplicationSceneManifest_Generation = YES;
				INFOPLIST_KEY_UIApplicationSupportsIndirectInputEvents = YES;
				INFOPLIST_KEY_UILaunchScreen_Generation = YES;
				INFOPLIST_KEY_UISupportedInterfaceOrientations = UIInterfaceOrientationPortrait;
				INFOPLIST_KEY_UISupportedInterfaceOrientations_iPad = "UIInterfaceOrientationLandscapeLeft UIInterfaceOrientationLandscapeRight UIInterfaceOrientationPortrait UIInterfaceOrientationPortraitUpsideDown";
				LD_RUNPATH_SEARCH_PATHS = (
					"$(inherited)",
					"@executable_path/Frameworks",
				);
				MARKETING_VERSION = 1.0;
				PRODUCT_BUNDLE_IDENTIFIER = com.tapp.tappSample;
				PRODUCT_NAME = "$(TARGET_NAME)";
				SWIFT_EMIT_LOC_STRINGS = YES;
				SWIFT_VERSION = 5.0;
				TARGETED_DEVICE_FAMILY = "1,2";
			};
			name = Debug;
		};
		1511C3662DF3BFD900E068B7 /* Release */ = {
			isa = XCBuildConfiguration;
			buildSettings = {
				ASSETCATALOG_COMPILER_APPICON_NAME = AppIcon;
				ASSETCATALOG_COMPILER_GLOBAL_ACCENT_COLOR_NAME = AccentColor;
				CODE_SIGN_ENTITLEMENTS = TappSampleProject/TappSampleProject.entitlements;
				CODE_SIGN_STYLE = Automatic;
				CURRENT_PROJECT_VERSION = 1;
				DEVELOPMENT_ASSET_PATHS = "\"TappSampleProject/Preview Content\"";
				DEVELOPMENT_TEAM = 9VDWZ8797J;
				ENABLE_PREVIEWS = YES;
				GENERATE_INFOPLIST_FILE = YES;
				INFOPLIST_FILE = TappSampleProject/Info.plist;
				INFOPLIST_KEY_UIApplicationSceneManifest_Generation = YES;
				INFOPLIST_KEY_UIApplicationSupportsIndirectInputEvents = YES;
				INFOPLIST_KEY_UILaunchScreen_Generation = YES;
				INFOPLIST_KEY_UISupportedInterfaceOrientations = UIInterfaceOrientationPortrait;
				INFOPLIST_KEY_UISupportedInterfaceOrientations_iPad = "UIInterfaceOrientationLandscapeLeft UIInterfaceOrientationLandscapeRight UIInterfaceOrientationPortrait UIInterfaceOrientationPortraitUpsideDown";
				LD_RUNPATH_SEARCH_PATHS = (
					"$(inherited)",
					"@executable_path/Frameworks",
				);
				MARKETING_VERSION = 1.0;
				PRODUCT_BUNDLE_IDENTIFIER = com.tapp.tappSample;
				PRODUCT_NAME = "$(TARGET_NAME)";
				SWIFT_EMIT_LOC_STRINGS = YES;
				SWIFT_VERSION = 5.0;
				TARGETED_DEVICE_FAMILY = "1,2";
			};
			name = Release;
		};
		1511C3682DF3BFD900E068B7 /* Debug */ = {
			isa = XCBuildConfiguration;
			buildSettings = {
				BUNDLE_LOADER = "$(TEST_HOST)";
				CLANG_ENABLE_MODULES = YES;
				CODE_SIGN_STYLE = Automatic;
				CURRENT_PROJECT_VERSION = 1;
				DEVELOPMENT_TEAM = 3WR7CH3L52;
				GENERATE_INFOPLIST_FILE = YES;
				IPHONEOS_DEPLOYMENT_TARGET = 18.2;
				MARKETING_VERSION = 1.0;
				PRODUCT_BUNDLE_IDENTIFIER = tapp.TappSampleProjectTests;
				PRODUCT_NAME = "$(TARGET_NAME)";
				SWIFT_EMIT_LOC_STRINGS = NO;
				SWIFT_OBJC_BRIDGING_HEADER = "TappSampleProjectTests/TappSampleProjectTests-Bridging-Header.h";
				SWIFT_OPTIMIZATION_LEVEL = "-Onone";
				SWIFT_VERSION = 5.0;
				TARGETED_DEVICE_FAMILY = "1,2";
				TEST_HOST = "$(BUILT_PRODUCTS_DIR)/TappSampleProject.app/$(BUNDLE_EXECUTABLE_FOLDER_PATH)/TappSampleProject";
			};
			name = Debug;
		};
		1511C3692DF3BFD900E068B7 /* Release */ = {
			isa = XCBuildConfiguration;
			buildSettings = {
				BUNDLE_LOADER = "$(TEST_HOST)";
				CLANG_ENABLE_MODULES = YES;
				CODE_SIGN_STYLE = Automatic;
				CURRENT_PROJECT_VERSION = 1;
				DEVELOPMENT_TEAM = 3WR7CH3L52;
				GENERATE_INFOPLIST_FILE = YES;
				IPHONEOS_DEPLOYMENT_TARGET = 18.2;
				MARKETING_VERSION = 1.0;
				PRODUCT_BUNDLE_IDENTIFIER = tapp.TappSampleProjectTests;
				PRODUCT_NAME = "$(TARGET_NAME)";
				SWIFT_EMIT_LOC_STRINGS = NO;
				SWIFT_OBJC_BRIDGING_HEADER = "TappSampleProjectTests/TappSampleProjectTests-Bridging-Header.h";
				SWIFT_VERSION = 5.0;
				TARGETED_DEVICE_FAMILY = "1,2";
				TEST_HOST = "$(BUILT_PRODUCTS_DIR)/TappSampleProject.app/$(BUNDLE_EXECUTABLE_FOLDER_PATH)/TappSampleProject";
			};
			name = Release;
		};
		1511C4592DF4422F00E068B7 /* Debug */ = {
			isa = XCBuildConfiguration;
			buildSettings = {
				ASSETCATALOG_COMPILER_GLOBAL_ACCENT_COLOR_NAME = AccentColor;
				ASSETCATALOG_COMPILER_WIDGET_BACKGROUND_COLOR_NAME = WidgetBackground;
				CODE_SIGN_ENTITLEMENTS = VibeWidgetExtension.entitlements;
				CODE_SIGN_STYLE = Automatic;
				CURRENT_PROJECT_VERSION = 1;
				DEVELOPMENT_TEAM = 9VDWZ8797J;
				GENERATE_INFOPLIST_FILE = YES;
				INFOPLIST_FILE = VibeWidget/Info.plist;
				INFOPLIST_KEY_CFBundleDisplayName = VibeWidget;
				INFOPLIST_KEY_NSHumanReadableCopyright = "";
				LD_RUNPATH_SEARCH_PATHS = (
					"$(inherited)",
					"@executable_path/Frameworks",
					"@executable_path/../../Frameworks",
				);
				MARKETING_VERSION = 1.0;
				PRODUCT_BUNDLE_IDENTIFIER = com.tapp.tappSample.widget;
				PRODUCT_NAME = "$(TARGET_NAME)";
				SKIP_INSTALL = YES;
				SWIFT_EMIT_LOC_STRINGS = YES;
				SWIFT_VERSION = 5.0;
				TARGETED_DEVICE_FAMILY = "1,2";
			};
			name = Debug;
		};
		1511C45A2DF4422F00E068B7 /* Release */ = {
			isa = XCBuildConfiguration;
			buildSettings = {
				ASSETCATALOG_COMPILER_GLOBAL_ACCENT_COLOR_NAME = AccentColor;
				ASSETCATALOG_COMPILER_WIDGET_BACKGROUND_COLOR_NAME = WidgetBackground;
				CODE_SIGN_ENTITLEMENTS = VibeWidgetExtension.entitlements;
				CODE_SIGN_STYLE = Automatic;
				CURRENT_PROJECT_VERSION = 1;
				DEVELOPMENT_TEAM = 9VDWZ8797J;
				GENERATE_INFOPLIST_FILE = YES;
				INFOPLIST_FILE = VibeWidget/Info.plist;
				INFOPLIST_KEY_CFBundleDisplayName = VibeWidget;
				INFOPLIST_KEY_NSHumanReadableCopyright = "";
				LD_RUNPATH_SEARCH_PATHS = (
					"$(inherited)",
					"@executable_path/Frameworks",
					"@executable_path/../../Frameworks",
				);
				MARKETING_VERSION = 1.0;
				PRODUCT_BUNDLE_IDENTIFIER = com.tapp.tappSample.widget;
				PRODUCT_NAME = "$(TARGET_NAME)";
				SKIP_INSTALL = YES;
				SWIFT_EMIT_LOC_STRINGS = YES;
				SWIFT_VERSION = 5.0;
				TARGETED_DEVICE_FAMILY = "1,2";
			};
			name = Release;
		};
/* End XCBuildConfiguration section */

/* Begin XCConfigurationList section */
		1511C33B2DF3BFD800E068B7 /* Build configuration list for PBXProject "TappSampleProject" */ = {
			isa = XCConfigurationList;
			buildConfigurations = (
				1511C3622DF3BFD900E068B7 /* Debug */,
				1511C3632DF3BFD900E068B7 /* Release */,
			);
			defaultConfigurationIsVisible = 0;
			defaultConfigurationName = Release;
		};
		1511C3642DF3BFD900E068B7 /* Build configuration list for PBXNativeTarget "TappSampleProject" */ = {
			isa = XCConfigurationList;
			buildConfigurations = (
				1511C3652DF3BFD900E068B7 /* Debug */,
				1511C3662DF3BFD900E068B7 /* Release */,
			);
			defaultConfigurationIsVisible = 0;
			defaultConfigurationName = Release;
		};
		1511C3672DF3BFD900E068B7 /* Build configuration list for PBXNativeTarget "TappSampleProjectTests" */ = {
			isa = XCConfigurationList;
			buildConfigurations = (
				1511C3682DF3BFD900E068B7 /* Debug */,
				1511C3692DF3BFD900E068B7 /* Release */,
			);
			defaultConfigurationIsVisible = 0;
			defaultConfigurationName = Release;
		};
		1511C45C2DF4422F00E068B7 /* Build configuration list for PBXNativeTarget "VibeWidgetExtension" */ = {
			isa = XCConfigurationList;
			buildConfigurations = (
				1511C4592DF4422F00E068B7 /* Debug */,
				1511C45A2DF4422F00E068B7 /* Release */,
			);
			defaultConfigurationIsVisible = 0;
			defaultConfigurationName = Release;
		};
/* End XCConfigurationList section */
	};
	rootObject = 1511C3382DF3BFD800E068B7 /* Project object */;
}
